
Microsoft Visual Studio Solution File, Format Version 12.00
# Visual Studio 15
VisualStudioVersion = 15.0.28307.779
MinimumVisualStudioVersion = 10.0.40219.1
Project("{FAE04EC0-301F-11D3-BF4B-00C04F79EFBC}") = "Lab14.Android", "Lab14\Lab14.Android\Lab14.Android.csproj", "{401B95AA-58D9-4569-BB62-0CFCF93D4833}"
EndProject
Project("{FAE04EC0-301F-11D3-BF4B-00C04F79EFBC}") = "Lab14", "Lab14\Lab14\Lab14.csproj", "{03897313-C0E8-401B-B7D3-B223823FEFC1}"
EndProject
Global
	GlobalSection(SolutionConfigurationPlatforms) = preSolution
		Debug|Any CPU = Debug|Any CPU
		Release|Any CPU = Release|Any CPU
	EndGlobalSection
	GlobalSection(ProjectConfigurationPlatforms) = postSolution
		{401B95AA-58D9-4569-BB62-0CFCF93D4833}.Debug|Any CPU.ActiveCfg = Debug|Any CPU
		{401B95AA-58D9-4569-BB62-0CFCF93D4833}.Debug|Any CPU.Build.0 = Debug|Any CPU
		{401B95AA-58D9-4569-BB62-0CFCF93D4833}.Debug|Any CPU.Deploy.0 = Debug|Any CPU
		{401B95AA-58D9-4569-BB62-0CFCF93D4833}.Release|Any CPU.ActiveCfg = Release|Any CPU
		{401B95AA-58D9-4569-BB62-0CFCF93D4833}.Release|Any CPU.Build.0 = Release|Any CPU
		{401B95AA-58D9-4569-BB62-0CFCF93D4833}.Release|Any CPU.Deploy.0 = Release|Any CPU
		{03897313-C0E8-401B-B7D3-B223823FEFC1}.Debug|Any CPU.ActiveCfg = Debug|Any CPU
		{03897313-C0E8-401B-B7D3-B223823FEFC1}.Debug|Any CPU.Build.0 = Debug|Any CPU
		{03897313-C0E8-401B-B7D3-B223823FEFC1}.Debug|Any CPU.Deploy.0 = Debug|Any CPU
		{03897313-C0E8-401B-B7D3-B223823FEFC1}.Release|Any CPU.ActiveCfg = Release|Any CPU
		{03897313-C0E8-401B-B7D3-B223823FEFC1}.Release|Any CPU.Build.0 = Release|Any CPU
		{03897313-C0E8-401B-B7D3-B223823FEFC1}.Release|Any CPU.Deploy.0 = Release|Any CPU
	EndGlobalSection
	GlobalSection(SolutionProperties) = preSolution
		HideSolutionNode = FALSE
	EndGlobalSection
	GlobalSection(ExtensibilityGlobals) = postSolution
		SolutionGuid = {C56622C7-02D4-4F4E-BB76-83AAE13B914B}
	EndGlobalSection
EndGlobal
